
Microsoft Visual Studio Solution File, Format Version 12.00
# Visual Studio Version 17
VisualStudioVersion = 17.9.34728.123
MinimumVisualStudioVersion = 10.0.40219.1
Project("{FAE04EC0-301F-11D3-BF4B-00C04F79EFBC}") = "OscillatorClient", "OscillatorClient\OscillatorClient.csproj", "{993CC15B-084F-4EA8-96C0-3ED0F2893F66}"
EndProject
Global
	GlobalSection(SolutionConfigurationPlatforms) = preSolution
		Debug|Any CPU = Debug|Any CPU
		Release|Any CPU = Release|Any CPU
	EndGlobalSection
	GlobalSection(ProjectConfigurationPlatforms) = postSolution
		{993CC15B-084F-4EA8-96C0-3ED0F2893F66}.Debug|Any CPU.ActiveCfg = Debug|Any CPU
		{993CC15B-084F-4EA8-96C0-3ED0F2893F66}.Debug|Any CPU.Build.0 = Debug|Any CPU
		{993CC15B-084F-4EA8-96C0-3ED0F2893F66}.Release|Any CPU.ActiveCfg = Release|Any CPU
		{993CC15B-084F-4EA8-96C0-3ED0F2893F66}.Release|Any CPU.Build.0 = Release|Any CPU
	EndGlobalSection
	GlobalSection(SolutionProperties) = preSolution
		HideSolutionNode = FALSE
	EndGlobalSection
	GlobalSection(ExtensibilityGlobals) = postSolution
		SolutionGuid = {9EADE277-1363-48EE-8A60-507388F393E3}
	EndGlobalSection
EndGlobal
